
Microsoft Visual Studio Solution File, Format Version 12.00
# Visual Studio Version 17
VisualStudioVersion = 17.5.33530.505
MinimumVisualStudioVersion = 10.0.40219.1
Project("{FAE04EC0-301F-11D3-BF4B-00C04F79EFBC}") = "DataAccessLayer", "DataAccessLayer\DataAccessLayer.csproj", "{676F0718-1810-437F-8308-9B560825D7FE}"
EndProject
Project("{FAE04EC0-301F-11D3-BF4B-00C04F79EFBC}") = "BusinessAccessLayer", "BusinessAccessLayer\BusinessAccessLayer.csproj", "{63178710-0874-4806-8355-74EC658FA4B9}"
EndProject
Project("{FAE04EC0-301F-11D3-BF4B-00C04F79EFBC}") = "Application Layer", "Application Layer\Application Layer.csproj", "{ED84F2D7-650C-4A42-B870-39297671C075}"
EndProject
Global
	GlobalSection(SolutionConfigurationPlatforms) = preSolution
		Debug|Any CPU = Debug|Any CPU
		Release|Any CPU = Release|Any CPU
	EndGlobalSection
	GlobalSection(ProjectConfigurationPlatforms) = postSolution
		{676F0718-1810-437F-8308-9B560825D7FE}.Debug|Any CPU.ActiveCfg = Debug|Any CPU
		{676F0718-1810-437F-8308-9B560825D7FE}.Debug|Any CPU.Build.0 = Debug|Any CPU
		{676F0718-1810-437F-8308-9B560825D7FE}.Release|Any CPU.ActiveCfg = Release|Any CPU
		{676F0718-1810-437F-8308-9B560825D7FE}.Release|Any CPU.Build.0 = Release|Any CPU
		{63178710-0874-4806-8355-74EC658FA4B9}.Debug|Any CPU.ActiveCfg = Debug|Any CPU
		{63178710-0874-4806-8355-74EC658FA4B9}.Debug|Any CPU.Build.0 = Debug|Any CPU
		{63178710-0874-4806-8355-74EC658FA4B9}.Release|Any CPU.ActiveCfg = Release|Any CPU
		{63178710-0874-4806-8355-74EC658FA4B9}.Release|Any CPU.Build.0 = Release|Any CPU
		{ED84F2D7-650C-4A42-B870-39297671C075}.Debug|Any CPU.ActiveCfg = Debug|Any CPU
		{ED84F2D7-650C-4A42-B870-39297671C075}.Debug|Any CPU.Build.0 = Debug|Any CPU
		{ED84F2D7-650C-4A42-B870-39297671C075}.Release|Any CPU.ActiveCfg = Release|Any CPU
		{ED84F2D7-650C-4A42-B870-39297671C075}.Release|Any CPU.Build.0 = Release|Any CPU
	EndGlobalSection
	GlobalSection(SolutionProperties) = preSolution
		HideSolutionNode = FALSE
	EndGlobalSection
	GlobalSection(ExtensibilityGlobals) = postSolution
		SolutionGuid = {C7E523C3-BD1C-4EEF-8BC3-8623891BB076}
	EndGlobalSection
EndGlobal
